
Microsoft Visual Studio Solution File, Format Version 12.00
# Visual Studio 2012
Project("{FAE04EC0-301F-11D3-BF4B-00C04F79EFBC}") = "SpellTheNumber", "SpellTheNumber\SpellTheNumber.csproj", "{1E222F73-F494-42A4-9D30-8E289F6D39C6}"
EndProject
Project("{FAE04EC0-301F-11D3-BF4B-00C04F79EFBC}") = "SpellTheNumber.Tests", "SpellTheNumber.Tests\SpellTheNumber.Tests.csproj", "{0A14A28B-B08D-428E-8E5A-788D47C96A5F}"
EndProject
Global
	GlobalSection(SolutionConfigurationPlatforms) = preSolution
		Debug|Any CPU = Debug|Any CPU
		Release|Any CPU = Release|Any CPU
	EndGlobalSection
	GlobalSection(ProjectConfigurationPlatforms) = postSolution
		{1E222F73-F494-42A4-9D30-8E289F6D39C6}.Debug|Any CPU.ActiveCfg = Debug|Any CPU
		{1E222F73-F494-42A4-9D30-8E289F6D39C6}.Debug|Any CPU.Build.0 = Debug|Any CPU
		{1E222F73-F494-42A4-9D30-8E289F6D39C6}.Release|Any CPU.ActiveCfg = Release|Any CPU
		{1E222F73-F494-42A4-9D30-8E289F6D39C6}.Release|Any CPU.Build.0 = Release|Any CPU
		{0A14A28B-B08D-428E-8E5A-788D47C96A5F}.Debug|Any CPU.ActiveCfg = Debug|Any CPU
		{0A14A28B-B08D-428E-8E5A-788D47C96A5F}.Debug|Any CPU.Build.0 = Debug|Any CPU
		{0A14A28B-B08D-428E-8E5A-788D47C96A5F}.Release|Any CPU.ActiveCfg = Release|Any CPU
		{0A14A28B-B08D-428E-8E5A-788D47C96A5F}.Release|Any CPU.Build.0 = Release|Any CPU
	EndGlobalSection
	GlobalSection(SolutionProperties) = preSolution
		HideSolutionNode = FALSE
	EndGlobalSection
EndGlobal
